
Microsoft Visual Studio Solution File, Format Version 12.00
# Visual Studio Version 17
VisualStudioVersion = 17.5.002.0
MinimumVisualStudioVersion = 10.0.40219.1
Project("{9A19103F-16F7-4668-BE54-9A1E7A4F7556}") = "sistemaDeCadastro", "sistemaDeCadastro.csproj", "{FBBFACCE-DCED-4099-8FA4-E79AAB1DF695}"
EndProject
Global
	GlobalSection(SolutionConfigurationPlatforms) = preSolution
		Debug|Any CPU = Debug|Any CPU
		Release|Any CPU = Release|Any CPU
	EndGlobalSection
	GlobalSection(ProjectConfigurationPlatforms) = postSolution
		{FBBFACCE-DCED-4099-8FA4-E79AAB1DF695}.Debug|Any CPU.ActiveCfg = Debug|Any CPU
		{FBBFACCE-DCED-4099-8FA4-E79AAB1DF695}.Debug|Any CPU.Build.0 = Debug|Any CPU
		{FBBFACCE-DCED-4099-8FA4-E79AAB1DF695}.Release|Any CPU.ActiveCfg = Release|Any CPU
		{FBBFACCE-DCED-4099-8FA4-E79AAB1DF695}.Release|Any CPU.Build.0 = Release|Any CPU
	EndGlobalSection
	GlobalSection(SolutionProperties) = preSolution
		HideSolutionNode = FALSE
	EndGlobalSection
	GlobalSection(ExtensibilityGlobals) = postSolution
		SolutionGuid = {EA8CAD58-391C-4630-9D96-3D08FC616416}
	EndGlobalSection
EndGlobal
